
Microsoft Visual Studio Solution File, Format Version 12.00
# Visual Studio Version 17
VisualStudioVersion = 17.0.31903.59
MinimumVisualStudioVersion = 10.0.40219.1
Project("{9A19103F-16F7-4668-BE54-9A1E7A4F7556}") = "Calculator", "Calculator\Calculator.csproj", "{18502628-5BB5-46C7-AA15-DE5FE4E6FBCA}"
EndProject
Project("{FAE04EC0-301F-11D3-BF4B-00C04F79EFBC}") = "CalcTest", "CalcTest\CalcTest.csproj", "{011D6814-775A-47A9-9B50-04CEEF268310}"
EndProject
Global
	GlobalSection(SolutionConfigurationPlatforms) = preSolution
		Debug|Any CPU = Debug|Any CPU
		Release|Any CPU = Release|Any CPU
	EndGlobalSection
	GlobalSection(ProjectConfigurationPlatforms) = postSolution
		{18502628-5BB5-46C7-AA15-DE5FE4E6FBCA}.Debug|Any CPU.ActiveCfg = Debug|Any CPU
		{18502628-5BB5-46C7-AA15-DE5FE4E6FBCA}.Debug|Any CPU.Build.0 = Debug|Any CPU
		{18502628-5BB5-46C7-AA15-DE5FE4E6FBCA}.Release|Any CPU.ActiveCfg = Release|Any CPU
		{18502628-5BB5-46C7-AA15-DE5FE4E6FBCA}.Release|Any CPU.Build.0 = Release|Any CPU
		{011D6814-775A-47A9-9B50-04CEEF268310}.Debug|Any CPU.ActiveCfg = Debug|Any CPU
		{011D6814-775A-47A9-9B50-04CEEF268310}.Debug|Any CPU.Build.0 = Debug|Any CPU
		{011D6814-775A-47A9-9B50-04CEEF268310}.Release|Any CPU.ActiveCfg = Release|Any CPU
		{011D6814-775A-47A9-9B50-04CEEF268310}.Release|Any CPU.Build.0 = Release|Any CPU
	EndGlobalSection
	GlobalSection(SolutionProperties) = preSolution
		HideSolutionNode = FALSE
	EndGlobalSection
	GlobalSection(ExtensibilityGlobals) = postSolution
		SolutionGuid = {AB1282A4-6A18-49E6-8CD5-A2F3BA5721C6}
	EndGlobalSection
EndGlobal
